// !$*UTF8*$!
{
	archiveVersion = 1;
	classes = {
	};
	objectVersion = 56;
	objects = {

/* Begin PBXBuildFile section */
		F3F7F36F2C218C1500A5EF9E /* AppDelegate.swift in Sources */ = {isa = PBXBuildFile; fileRef = F3F7F36E2C218C1500A5EF9E /* AppDelegate.swift */; };
		F3F7F3712C218C1500A5EF9E /* SceneDelegate.swift in Sources */ = {isa = PBXBuildFile; fileRef = F3F7F3702C218C1500A5EF9E /* SceneDelegate.swift */; };
		F3F7F3762C218C1500A5EF9E /* Base in Resources */ = {isa = PBXBuildFile; fileRef = F3F7F3752C218C1500A5EF9E /* Base */; };
		F3F7F3782C218C1600A5EF9E /* Assets.xcassets in Resources */ = {isa = PBXBuildFile; fileRef = F3F7F3772C218C1600A5EF9E /* Assets.xcassets */; };
		F3F7F37B2C218C1600A5EF9E /* Base in Resources */ = {isa = PBXBuildFile; fileRef = F3F7F37A2C218C1600A5EF9E /* Base */; };
		F3F7F3862C2190F500A5EF9E /* MainVC.swift in Sources */ = {isa = PBXBuildFile; fileRef = F3F7F3852C2190F500A5EF9E /* MainVC.swift */; };
		F3F7F3892C2193DE00A5EF9E /* Constants.swift in Sources */ = {isa = PBXBuildFile; fileRef = F3F7F3882C2193DE00A5EF9E /* Constants.swift */; };
		F3F7F38D2C21956700A5EF9E /* Item.swift in Sources */ = {isa = PBXBuildFile; fileRef = F3F7F38C2C21956700A5EF9E /* Item.swift */; };
		F3F7F3902C21965800A5EF9E /* API.swift in Sources */ = {isa = PBXBuildFile; fileRef = F3F7F38F2C21965800A5EF9E /* API.swift */; };
		F3F7F3922C21975B00A5EF9E /* ItemCell.swift in Sources */ = {isa = PBXBuildFile; fileRef = F3F7F3912C21975B00A5EF9E /* ItemCell.swift */; };
		F3F7F3942C219A0700A5EF9E /* Extension.swift in Sources */ = {isa = PBXBuildFile; fileRef = F3F7F3932C219A0700A5EF9E /* Extension.swift */; };
		F3F7F3972C21AF9000A5EF9E /* SDWebImage in Frameworks */ = {isa = PBXBuildFile; productRef = F3F7F3962C21AF9000A5EF9E /* SDWebImage */; };
		F3F7F3992C21AF9000A5EF9E /* SDWebImageMapKit in Frameworks */ = {isa = PBXBuildFile; productRef = F3F7F3982C21AF9000A5EF9E /* SDWebImageMapKit */; };
		F3F7F39B2C21BC2A00A5EF9E /* DetailVC.swift in Sources */ = {isa = PBXBuildFile; fileRef = F3F7F39A2C21BC2A00A5EF9E /* DetailVC.swift */; };
/* End PBXBuildFile section */

/* Begin PBXFileReference section */
		F3F7F36B2C218C1500A5EF9E /* GitHubAPI.app */ = {isa = PBXFileReference; explicitFileType = wrapper.application; includeInIndex = 0; path = GitHubAPI.app; sourceTree = BUILT_PRODUCTS_DIR; };
		F3F7F36E2C218C1500A5EF9E /* AppDelegate.swift */ = {isa = PBXFileReference; lastKnownFileType = sourcecode.swift; path = AppDelegate.swift; sourceTree = "<group>"; };
		F3F7F3702C218C1500A5EF9E /* SceneDelegate.swift */ = {isa = PBXFileReference; lastKnownFileType = sourcecode.swift; path = SceneDelegate.swift; sourceTree = "<group>"; };
		F3F7F3752C218C1500A5EF9E /* Base */ = {isa = PBXFileReference; lastKnownFileType = file.storyboard; name = Base; path = Base.lproj/Main.storyboard; sourceTree = "<group>"; };
		F3F7F3772C218C1600A5EF9E /* Assets.xcassets */ = {isa = PBXFileReference; lastKnownFileType = folder.assetcatalog; path = Assets.xcassets; sourceTree = "<group>"; };
		F3F7F37A2C218C1600A5EF9E /* Base */ = {isa = PBXFileReference; lastKnownFileType = file.storyboard; name = Base; path = Base.lproj/LaunchScreen.storyboard; sourceTree = "<group>"; };
		F3F7F37C2C218C1600A5EF9E /* Info.plist */ = {isa = PBXFileReference; lastKnownFileType = text.plist.xml; path = Info.plist; sourceTree = "<group>"; };
		F3F7F3852C2190F500A5EF9E /* MainVC.swift */ = {isa = PBXFileReference; lastKnownFileType = sourcecode.swift; path = MainVC.swift; sourceTree = "<group>"; };
		F3F7F3882C2193DE00A5EF9E /* Constants.swift */ = {isa = PBXFileReference; lastKnownFileType = sourcecode.swift; path = Constants.swift; sourceTree = "<group>"; };
		F3F7F38C2C21956700A5EF9E /* Item.swift */ = {isa = PBXFileReference; lastKnownFileType = sourcecode.swift; path = Item.swift; sourceTree = "<group>"; };
		F3F7F38F2C21965800A5EF9E /* API.swift */ = {isa = PBXFileReference; lastKnownFileType = sourcecode.swift; path = API.swift; sourceTree = "<group>"; };
		F3F7F3912C21975B00A5EF9E /* ItemCell.swift */ = {isa = PBXFileReference; lastKnownFileType = sourcecode.swift; path = ItemCell.swift; sourceTree = "<group>"; };
		F3F7F3932C219A0700A5EF9E /* Extension.swift */ = {isa = PBXFileReference; lastKnownFileType = sourcecode.swift; path = Extension.swift; sourceTree = "<group>"; };
		F3F7F39A2C21BC2A00A5EF9E /* DetailVC.swift */ = {isa = PBXFileReference; lastKnownFileType = sourcecode.swift; path = DetailVC.swift; sourceTree = "<group>"; };
/* End PBXFileReference section */

/* Begin PBXFrameworksBuildPhase section */
		F3F7F3682C218C1500A5EF9E /* Frameworks */ = {
			isa = PBXFrameworksBuildPhase;
			buildActionMask = 2147483647;
			files = (
				F3F7F3992C21AF9000A5EF9E /* SDWebImageMapKit in Frameworks */,
				F3F7F3972C21AF9000A5EF9E /* SDWebImage in Frameworks */,
			);
			runOnlyForDeploymentPostprocessing = 0;
		};
/* End PBXFrameworksBuildPhase section */

/* Begin PBXGroup section */
		F3F7F3622C218C1500A5EF9E = {
			isa = PBXGroup;
			children = (
				F3F7F36D2C218C1500A5EF9E /* GitHubAPI */,
				F3F7F36C2C218C1500A5EF9E /* Products */,
			);
			sourceTree = "<group>";
		};
		F3F7F36C2C218C1500A5EF9E /* Products */ = {
			isa = PBXGroup;
			children = (
				F3F7F36B2C218C1500A5EF9E /* GitHubAPI.app */,
			);
			name = Products;
			sourceTree = "<group>";
		};
		F3F7F36D2C218C1500A5EF9E /* GitHubAPI */ = {
			isa = PBXGroup;
			children = (
				F3F7F36E2C218C1500A5EF9E /* AppDelegate.swift */,
				F3F7F3702C218C1500A5EF9E /* SceneDelegate.swift */,
				F3F7F38A2C21953C00A5EF9E /* Model */,
				F3F7F38B2C21955600A5EF9E /* View */,
				F3F7F3842C2190DB00A5EF9E /* Controllers */,
				F3F7F38E2C21964200A5EF9E /* API */,
				F3F7F3872C2193AC00A5EF9E /* Utils */,
				F3F7F3832C218C8E00A5EF9E /* Files */,
				F3F7F3822C218C8400A5EF9E /* Storyboard */,
			);
			path = GitHubAPI;
			sourceTree = "<group>";
		};
		F3F7F3822C218C8400A5EF9E /* Storyboard */ = {
			isa = PBXGroup;
			children = (
				F3F7F3792C218C1600A5EF9E /* LaunchScreen.storyboard */,
				F3F7F3742C218C1500A5EF9E /* Main.storyboard */,
			);
			path = Storyboard;
			sourceTree = "<group>";
		};
		F3F7F3832C218C8E00A5EF9E /* Files */ = {
			isa = PBXGroup;
			children = (
				F3F7F3772C218C1600A5EF9E /* Assets.xcassets */,
				F3F7F37C2C218C1600A5EF9E /* Info.plist */,
			);
			name = Files;
			sourceTree = "<group>";
		};
		F3F7F3842C2190DB00A5EF9E /* Controllers */ = {
			isa = PBXGroup;
			children = (
				F3F7F3852C2190F500A5EF9E /* MainVC.swift */,
				F3F7F39A2C21BC2A00A5EF9E /* DetailVC.swift */,
			);
			path = Controllers;
			sourceTree = "<group>";
		};
		F3F7F3872C2193AC00A5EF9E /* Utils */ = {
			isa = PBXGroup;
			children = (
				F3F7F3882C2193DE00A5EF9E /* Constants.swift */,
				F3F7F3932C219A0700A5EF9E /* Extension.swift */,
			);
			path = Utils;
			sourceTree = "<group>";
		};
		F3F7F38A2C21953C00A5EF9E /* Model */ = {
			isa = PBXGroup;
			children = (
				F3F7F38C2C21956700A5EF9E /* Item.swift */,
			);
			path = Model;
			sourceTree = "<group>";
		};
		F3F7F38B2C21955600A5EF9E /* View */ = {
			isa = PBXGroup;
			children = (
				F3F7F3912C21975B00A5EF9E /* ItemCell.swift */,
			);
			path = View;
			sourceTree = "<group>";
		};
		F3F7F38E2C21964200A5EF9E /* API */ = {
			isa = PBXGroup;
			children = (
				F3F7F38F2C21965800A5EF9E /* API.swift */,
			);
			path = API;
			sourceTree = "<group>";
		};
/* End PBXGroup section */

/* Begin PBXNativeTarget section */
		F3F7F36A2C218C1500A5EF9E /* GitHubAPI */ = {
			isa = PBXNativeTarget;
			buildConfigurationList = F3F7F37F2C218C1600A5EF9E /* Build configuration list for PBXNativeTarget "GitHubAPI" */;
			buildPhases = (
				F3F7F3672C218C1500A5EF9E /* Sources */,
				F3F7F3682C218C1500A5EF9E /* Frameworks */,
				F3F7F3692C218C1500A5EF9E /* Resources */,
			);
			buildRules = (
			);
			dependencies = (
			);
			name = GitHubAPI;
			packageProductDependencies = (
				F3F7F3962C21AF9000A5EF9E /* SDWebImage */,
				F3F7F3982C21AF9000A5EF9E /* SDWebImageMapKit */,
			);
			productName = GitHubAPI;
			productReference = F3F7F36B2C218C1500A5EF9E /* GitHubAPI.app */;
			productType = "com.apple.product-type.application";
		};
/* End PBXNativeTarget section */

/* Begin PBXProject section */
		F3F7F3632C218C1500A5EF9E /* Project object */ = {
			isa = PBXProject;
			attributes = {
				BuildIndependentTargetsInParallel = 1;
				LastSwiftUpdateCheck = 1540;
				LastUpgradeCheck = 1540;
				TargetAttributes = {
					F3F7F36A2C218C1500A5EF9E = {
						CreatedOnToolsVersion = 15.4;
					};
				};
			};
			buildConfigurationList = F3F7F3662C218C1500A5EF9E /* Build configuration list for PBXProject "GitHubAPI" */;
			compatibilityVersion = "Xcode 14.0";
			developmentRegion = en;
			hasScannedForEncodings = 0;
			knownRegions = (
				en,
				Base,
			);
			mainGroup = F3F7F3622C218C1500A5EF9E;
			packageReferences = (
				F3F7F3952C21AF9000A5EF9E /* XCRemoteSwiftPackageReference "SDWebImage" */,
			);
			productRefGroup = F3F7F36C2C218C1500A5EF9E /* Products */;
			projectDirPath = "";
			projectRoot = "";
			targets = (
				F3F7F36A2C218C1500A5EF9E /* GitHubAPI */,
			);
		};
/* End PBXProject section */

/* Begin PBXResourcesBuildPhase section */
		F3F7F3692C218C1500A5EF9E /* Resources */ = {
			isa = PBXResourcesBuildPhase;
			buildActionMask = 2147483647;
			files = (
				F3F7F3782C218C1600A5EF9E /* Assets.xcassets in Resources */,
				F3F7F37B2C218C1600A5EF9E /* Base in Resources */,
				F3F7F3762C218C1500A5EF9E /* Base in Resources */,
			);
			runOnlyForDeploymentPostprocessing = 0;
		};
/* End PBXResourcesBuildPhase section */

/* Begin PBXSourcesBuildPhase section */
		F3F7F3672C218C1500A5EF9E /* Sources */ = {
			isa = PBXSourcesBuildPhase;
			buildActionMask = 2147483647;
			files = (
				F3F7F38D2C21956700A5EF9E /* Item.swift in Sources */,
				F3F7F3862C2190F500A5EF9E /* MainVC.swift in Sources */,
				F3F7F36F2C218C1500A5EF9E /* AppDelegate.swift in Sources */,
				F3F7F3712C218C1500A5EF9E /* SceneDelegate.swift in Sources */,
				F3F7F3922C21975B00A5EF9E /* ItemCell.swift in Sources */,
				F3F7F39B2C21BC2A00A5EF9E /* DetailVC.swift in Sources */,
				F3F7F3902C21965800A5EF9E /* API.swift in Sources */,
				F3F7F3892C2193DE00A5EF9E /* Constants.swift in Sources */,
				F3F7F3942C219A0700A5EF9E /* Extension.swift in Sources */,
			);
			runOnlyForDeploymentPostprocessing = 0;
		};
/* End PBXSourcesBuildPhase section */

/* Begin PBXVariantGroup section */
		F3F7F3742C218C1500A5EF9E /* Main.storyboard */ = {
			isa = PBXVariantGroup;
			children = (
				F3F7F3752C218C1500A5EF9E /* Base */,
			);
			name = Main.storyboard;
			sourceTree = "<group>";
		};
		F3F7F3792C218C1600A5EF9E /* LaunchScreen.storyboard */ = {
			isa = PBXVariantGroup;
			children = (
				F3F7F37A2C218C1600A5EF9E /* Base */,
			);
			name = LaunchScreen.storyboard;
			sourceTree = "<group>";
		};
/* End PBXVariantGroup section */

/* Begin XCBuildConfiguration section */
		F3F7F37D2C218C1600A5EF9E /* Debug */ = {
			isa = XCBuildConfiguration;
			buildSettings = {
				ALWAYS_SEARCH_USER_PATHS = NO;
				ASSETCATALOG_COMPILER_GENERATE_SWIFT_ASSET_SYMBOL_EXTENSIONS = YES;
				CLANG_ANALYZER_NONNULL = YES;
				CLANG_ANALYZER_NUMBER_OBJECT_CONVERSION = YES_AGGRESSIVE;
				CLANG_CXX_LANGUAGE_STANDARD = "gnu++20";
				CLANG_ENABLE_MODULES = YES;
				CLANG_ENABLE_OBJC_ARC = YES;
				CLANG_ENABLE_OBJC_WEAK = YES;
				CLANG_WARN_BLOCK_CAPTURE_AUTORELEASING = YES;
				CLANG_WARN_BOOL_CONVERSION = YES;
				CLANG_WARN_COMMA = YES;
				CLANG_WARN_CONSTANT_CONVERSION = YES;
				CLANG_WARN_DEPRECATED_OBJC_IMPLEMENTATIONS = YES;
				CLANG_WARN_DIRECT_OBJC_ISA_USAGE = YES_ERROR;
				CLANG_WARN_DOCUMENTATION_COMMENTS = YES;
				CLANG_WARN_EMPTY_BODY = YES;
				CLANG_WARN_ENUM_CONVERSION = YES;
				CLANG_WARN_INFINITE_RECURSION = YES;
				CLANG_WARN_INT_CONVERSION = YES;
				CLANG_WARN_NON_LITERAL_NULL_CONVERSION = YES;
				CLANG_WARN_OBJC_IMPLICIT_RETAIN_SELF = YES;
				CLANG_WARN_OBJC_LITERAL_CONVERSION = YES;
				CLANG_WARN_OBJC_ROOT_CLASS = YES_ERROR;
				CLANG_WARN_QUOTED_INCLUDE_IN_FRAMEWORK_HEADER = YES;
				CLANG_WARN_RANGE_LOOP_ANALYSIS = YES;
				CLANG_WARN_STRICT_PROTOTYPES = YES;
				CLANG_WARN_SUSPICIOUS_MOVE = YES;
				CLANG_WARN_UNGUARDED_AVAILABILITY = YES_AGGRESSIVE;
				CLANG_WARN_UNREACHABLE_CODE = YES;
				CLANG_WARN__DUPLICATE_METHOD_MATCH = YES;
				COPY_PHASE_STRIP = NO;
				DEBUG_INFORMATION_FORMAT = dwarf;
				ENABLE_STRICT_OBJC_MSGSEND = YES;
				ENABLE_TESTABILITY = YES;
				ENABLE_USER_SCRIPT_SANDBOXING = YES;
				GCC_C_LANGUAGE_STANDARD = gnu17;
				GCC_DYNAMIC_NO_PIC = NO;
				GCC_NO_COMMON_BLOCKS = YES;
				GCC_OPTIMIZATION_LEVEL = 0;
				GCC_PREPROCESSOR_DEFINITIONS = (
					"DEBUG=1",
					"$(inherited)",
				);
				GCC_WARN_64_TO_32_BIT_CONVERSION = YES;
				GCC_WARN_ABOUT_RETURN_TYPE = YES_ERROR;
				GCC_WARN_UNDECLARED_SELECTOR = YES;
				GCC_WARN_UNINITIALIZED_AUTOS = YES_AGGRESSIVE;
				GCC_WARN_UNUSED_FUNCTION = YES;
				GCC_WARN_UNUSED_VARIABLE = YES;
				IPHONEOS_DEPLOYMENT_TARGET = 13.0;
				LOCALIZATION_PREFERS_STRING_CATALOGS = YES;
				MTL_ENABLE_DEBUG_INFO = INCLUDE_SOURCE;
				MTL_FAST_MATH = YES;
				ONLY_ACTIVE_ARCH = YES;
				SDKROOT = iphoneos;
				SWIFT_ACTIVE_COMPILATION_CONDITIONS = "DEBUG $(inherited)";
				SWIFT_OPTIMIZATION_LEVEL = "-Onone";
			};
			name = Debug;
		};
		F3F7F37E2C218C1600A5EF9E /* Release */ = {
			isa = XCBuildConfiguration;
			buildSettings = {
				ALWAYS_SEARCH_USER_PATHS = NO;
				ASSETCATALOG_COMPILER_GENERATE_SWIFT_ASSET_SYMBOL_EXTENSIONS = YES;
				CLANG_ANALYZER_NONNULL = YES;
				CLANG_ANALYZER_NUMBER_OBJECT_CONVERSION = YES_AGGRESSIVE;
				CLANG_CXX_LANGUAGE_STANDARD = "gnu++20";
				CLANG_ENABLE_MODULES = YES;
				CLANG_ENABLE_OBJC_ARC = YES;
				CLANG_ENABLE_OBJC_WEAK = YES;
				CLANG_WARN_BLOCK_CAPTURE_AUTORELEASING = YES;
				CLANG_WARN_BOOL_CONVERSION = YES;
				CLANG_WARN_COMMA = YES;
				CLANG_WARN_CONSTANT_CONVERSION = YES;
				CLANG_WARN_DEPRECATED_OBJC_IMPLEMENTATIONS = YES;
				CLANG_WARN_DIRECT_OBJC_ISA_USAGE = YES_ERROR;
				CLANG_WARN_DOCUMENTATION_COMMENTS = YES;
				CLANG_WARN_EMPTY_BODY = YES;
				CLANG_WARN_ENUM_CONVERSION = YES;
				CLANG_WARN_INFINITE_RECURSION = YES;
				CLANG_WARN_INT_CONVERSION = YES;
				CLANG_WARN_NON_LITERAL_NULL_CONVERSION = YES;
				CLANG_WARN_OBJC_IMPLICIT_RETAIN_SELF = YES;
				CLANG_WARN_OBJC_LITERAL_CONVERSION = YES;
				CLANG_WARN_OBJC_ROOT_CLASS = YES_ERROR;
				CLANG_WARN_QUOTED_INCLUDE_IN_FRAMEWORK_HEADER = YES;
				CLANG_WARN_RANGE_LOOP_ANALYSIS = YES;
				CLANG_WARN_STRICT_PROTOTYPES = YES;
				CLANG_WARN_SUSPICIOUS_MOVE = YES;
				CLANG_WARN_UNGUARDED_AVAILABILITY = YES_AGGRESSIVE;
				CLANG_WARN_UNREACHABLE_CODE = YES;
				CLANG_WARN__DUPLICATE_METHOD_MATCH = YES;
				COPY_PHASE_STRIP = NO;
				DEBUG_INFORMATION_FORMAT = "dwarf-with-dsym";
				ENABLE_NS_ASSERTIONS = NO;
				ENABLE_STRICT_OBJC_MSGSEND = YES;
				ENABLE_USER_SCRIPT_SANDBOXING = YES;
				GCC_C_LANGUAGE_STANDARD = gnu17;
				GCC_NO_COMMON_BLOCKS = YES;
				GCC_WARN_64_TO_32_BIT_CONVERSION = YES;
				GCC_WARN_ABOUT_RETURN_TYPE = YES_ERROR;
				GCC_WARN_UNDECLARED_SELECTOR = YES;
				GCC_WARN_UNINITIALIZED_AUTOS = YES_AGGRESSIVE;
				GCC_WARN_UNUSED_FUNCTION = YES;
				GCC_WARN_UNUSED_VARIABLE = YES;
				IPHONEOS_DEPLOYMENT_TARGET = 13.0;
				LOCALIZATION_PREFERS_STRING_CATALOGS = YES;
				MTL_ENABLE_DEBUG_INFO = NO;
				MTL_FAST_MATH = YES;
				SDKROOT = iphoneos;
				SWIFT_COMPILATION_MODE = wholemodule;
				VALIDATE_PRODUCT = YES;
			};
			name = Release;
		};
		F3F7F3802C218C1600A5EF9E /* Debug */ = {
			isa = XCBuildConfiguration;
			buildSettings = {
				ASSETCATALOG_COMPILER_APPICON_NAME = AppIcon;
				ASSETCATALOG_COMPILER_GLOBAL_ACCENT_COLOR_NAME = AccentColor;
				CODE_SIGN_STYLE = Automatic;
				CURRENT_PROJECT_VERSION = 1;
				DEVELOPMENT_TEAM = WT2DZRQ5QP;
				GENERATE_INFOPLIST_FILE = YES;
				INFOPLIST_FILE = GitHubAPI/Info.plist;
				INFOPLIST_KEY_UIApplicationSupportsIndirectInputEvents = YES;
				INFOPLIST_KEY_UILaunchStoryboardName = LaunchScreen;
				INFOPLIST_KEY_UIMainStoryboardFile = Main;
				INFOPLIST_KEY_UISupportedInterfaceOrientations = UIInterfaceOrientationPortrait;
				INFOPLIST_KEY_UISupportedInterfaceOrientations_iPad = "UIInterfaceOrientationPortrait UIInterfaceOrientationPortraitUpsideDown";
				IPHONEOS_DEPLOYMENT_TARGET = 13.0;
				LD_RUNPATH_SEARCH_PATHS = (
					"$(inherited)",
					"@executable_path/Frameworks",
				);
				MARKETING_VERSION = 1.0;
				PRODUCT_BUNDLE_IDENTIFIER = com.gali.GitHubAPI;
				PRODUCT_NAME = "$(TARGET_NAME)";
				SWIFT_EMIT_LOC_STRINGS = YES;
				SWIFT_VERSION = 5.0;
				TARGETED_DEVICE_FAMILY = "1,2";
			};
			name = Debug;
		};
		F3F7F3812C218C1600A5EF9E /* Release */ = {
			isa = XCBuildConfiguration;
			buildSettings = {
				ASSETCATALOG_COMPILER_APPICON_NAME = AppIcon;
				ASSETCATALOG_COMPILER_GLOBAL_ACCENT_COLOR_NAME = AccentColor;
				CODE_SIGN_STYLE = Automatic;
				CURRENT_PROJECT_VERSION = 1;
				DEVELOPMENT_TEAM = WT2DZRQ5QP;
				GENERATE_INFOPLIST_FILE = YES;
				INFOPLIST_FILE = GitHubAPI/Info.plist;
				INFOPLIST_KEY_UIApplicationSupportsIndirectInputEvents = YES;
				INFOPLIST_KEY_UILaunchStoryboardName = LaunchScreen;
				INFOPLIST_KEY_UIMainStoryboardFile = Main;
				INFOPLIST_KEY_UISupportedInterfaceOrientations = UIInterfaceOrientationPortrait;
				INFOPLIST_KEY_UISupportedInterfaceOrientations_iPad = "UIInterfaceOrientationPortrait UIInterfaceOrientationPortraitUpsideDown";
				IPHONEOS_DEPLOYMENT_TARGET = 13.0;
				LD_RUNPATH_SEARCH_PATHS = (
					"$(inherited)",
					"@executable_path/Frameworks",
				);
				MARKETING_VERSION = 1.0;
				PRODUCT_BUNDLE_IDENTIFIER = com.gali.GitHubAPI;
				PRODUCT_NAME = "$(TARGET_NAME)";
				SWIFT_EMIT_LOC_STRINGS = YES;
				SWIFT_VERSION = 5.0;
				TARGETED_DEVICE_FAMILY = "1,2";
			};
			name = Release;
		};
/* End XCBuildConfiguration section */

/* Begin XCConfigurationList section */
		F3F7F3662C218C1500A5EF9E /* Build configuration list for PBXProject "GitHubAPI" */ = {
			isa = XCConfigurationList;
			buildConfigurations = (
				F3F7F37D2C218C1600A5EF9E /* Debug */,
				F3F7F37E2C218C1600A5EF9E /* Release */,
			);
			defaultConfigurationIsVisible = 0;
			defaultConfigurationName = Release;
		};
		F3F7F37F2C218C1600A5EF9E /* Build configuration list for PBXNativeTarget "GitHubAPI" */ = {
			isa = XCConfigurationList;
			buildConfigurations = (
				F3F7F3802C218C1600A5EF9E /* Debug */,
				F3F7F3812C218C1600A5EF9E /* Release */,
			);
			defaultConfigurationIsVisible = 0;
			defaultConfigurationName = Release;
		};
/* End XCConfigurationList section */

/* Begin XCRemoteSwiftPackageReference section */
		F3F7F3952C21AF9000A5EF9E /* XCRemoteSwiftPackageReference "SDWebImage" */ = {
			isa = XCRemoteSwiftPackageReference;
			repositoryURL = "https://github.com/SDWebImage/SDWebImage.git";
			requirement = {
				kind = upToNextMajorVersion;
				minimumVersion = 5.19.3;
			};
		};
/* End XCRemoteSwiftPackageReference section */

/* Begin XCSwiftPackageProductDependency section */
		F3F7F3962C21AF9000A5EF9E /* SDWebImage */ = {
			isa = XCSwiftPackageProductDependency;
			package = F3F7F3952C21AF9000A5EF9E /* XCRemoteSwiftPackageReference "SDWebImage" */;
			productName = SDWebImage;
		};
		F3F7F3982C21AF9000A5EF9E /* SDWebImageMapKit */ = {
			isa = XCSwiftPackageProductDependency;
			package = F3F7F3952C21AF9000A5EF9E /* XCRemoteSwiftPackageReference "SDWebImage" */;
			productName = SDWebImageMapKit;
		};
/* End XCSwiftPackageProductDependency section */
	};
	rootObject = F3F7F3632C218C1500A5EF9E /* Project object */;
}
